// !$*UTF8*$!
{
	archiveVersion = 1;
	classes = {
	};
	objectVersion = 52;
	objects = {

/* Begin PBXBuildFile section */
		0746891026B900D60066D145 /* AppDelegate.swift in Sources */ = {isa = PBXBuildFile; fileRef = 0746890F26B900D60066D145 /* AppDelegate.swift */; };
		0746891226B900D60066D145 /* SceneDelegate.swift in Sources */ = {isa = PBXBuildFile; fileRef = 0746891126B900D60066D145 /* SceneDelegate.swift */; };
		0746891426B900D60066D145 /* ViewController.swift in Sources */ = {isa = PBXBuildFile; fileRef = 0746891326B900D60066D145 /* ViewController.swift */; };
		0746891726B900D60066D145 /* Main.storyboard in Resources */ = {isa = PBXBuildFile; fileRef = 0746891526B900D60066D145 /* Main.storyboard */; };
		0746891926B900D70066D145 /* Assets.xcassets in Resources */ = {isa = PBXBuildFile; fileRef = 0746891826B900D70066D145 /* Assets.xcassets */; };
		0746891C26B900D70066D145 /* LaunchScreen.storyboard in Resources */ = {isa = PBXBuildFile; fileRef = 0746891A26B900D70066D145 /* LaunchScreen.storyboard */; };
		0746892726B900D80066D145 /* VexillumTests.swift in Sources */ = {isa = PBXBuildFile; fileRef = 0746892626B900D80066D145 /* VexillumTests.swift */; };
		0746893226B900D80066D145 /* VexillumUITests.swift in Sources */ = {isa = PBXBuildFile; fileRef = 0746893126B900D80066D145 /* VexillumUITests.swift */; };
		0746894126B902580066D145 /* Country.swift in Sources */ = {isa = PBXBuildFile; fileRef = 0746894026B902580066D145 /* Country.swift */; };
		0746894726B906430066D145 /* CountryProvider.swift in Sources */ = {isa = PBXBuildFile; fileRef = 0746894626B906430066D145 /* CountryProvider.swift */; };
		0746894A26B906FB0066D145 /* SplitMix64.swift in Sources */ = {isa = PBXBuildFile; fileRef = 0746894926B906FB0066D145 /* SplitMix64.swift */; };
		0746894D26B907F70066D145 /* FlagListViewModel.swift in Sources */ = {isa = PBXBuildFile; fileRef = 0746894C26B907F70066D145 /* FlagListViewModel.swift */; };
		0746895326B90A8D0066D145 /* FlagListViewController.swift in Sources */ = {isa = PBXBuildFile; fileRef = 0746895226B90A8D0066D145 /* FlagListViewController.swift */; };
		0746895626B9150D0066D145 /* PreviewView in Frameworks */ = {isa = PBXBuildFile; productRef = 0746895526B9150D0066D145 /* PreviewView */; };
		0766A75026BE437C0095A1A9 /* format.json in Resources */ = {isa = PBXBuildFile; fileRef = 0766A74F26BE437C0095A1A9 /* format.json */; };
		07A7602926BA4248006437E4 /* CountryViewController.swift in Sources */ = {isa = PBXBuildFile; fileRef = 07A7602826BA4248006437E4 /* CountryViewController.swift */; };
		07A7602D26BA48E5006437E4 /* ReusableView.swift in Sources */ = {isa = PBXBuildFile; fileRef = 07A7602C26BA48E5006437E4 /* ReusableView.swift */; };
		07A7602F26BA49B3006437E4 /* UIView+Extended.swift in Sources */ = {isa = PBXBuildFile; fileRef = 07A7602E26BA49B3006437E4 /* UIView+Extended.swift */; };
		07A7603126BA4A8C006437E4 /* FlagListTableViewCell.swift in Sources */ = {isa = PBXBuildFile; fileRef = 07A7603026BA4A8C006437E4 /* FlagListTableViewCell.swift */; };
/* End PBXBuildFile section */

/* Begin PBXContainerItemProxy section */
		0746892326B900D80066D145 /* PBXContainerItemProxy */ = {
			isa = PBXContainerItemProxy;
			containerPortal = 0746890426B900D60066D145 /* Project object */;
			proxyType = 1;
			remoteGlobalIDString = 0746890B26B900D60066D145;
			remoteInfo = Vexillum;
		};
		0746892E26B900D80066D145 /* PBXContainerItemProxy */ = {
			isa = PBXContainerItemProxy;
			containerPortal = 0746890426B900D60066D145 /* Project object */;
			proxyType = 1;
			remoteGlobalIDString = 0746890B26B900D60066D145;
			remoteInfo = Vexillum;
		};
/* End PBXContainerItemProxy section */

/* Begin PBXFileReference section */
		0746890C26B900D60066D145 /* Vexillum.app */ = {isa = PBXFileReference; explicitFileType = wrapper.application; includeInIndex = 0; path = Vexillum.app; sourceTree = BUILT_PRODUCTS_DIR; };
		0746890F26B900D60066D145 /* AppDelegate.swift */ = {isa = PBXFileReference; lastKnownFileType = sourcecode.swift; path = AppDelegate.swift; sourceTree = "<group>"; };
		0746891126B900D60066D145 /* SceneDelegate.swift */ = {isa = PBXFileReference; lastKnownFileType = sourcecode.swift; path = SceneDelegate.swift; sourceTree = "<group>"; };
		0746891326B900D60066D145 /* ViewController.swift */ = {isa = PBXFileReference; lastKnownFileType = sourcecode.swift; path = ViewController.swift; sourceTree = "<group>"; };
		0746891626B900D60066D145 /* Base */ = {isa = PBXFileReference; lastKnownFileType = file.storyboard; name = Base; path = Base.lproj/Main.storyboard; sourceTree = "<group>"; };
		0746891826B900D70066D145 /* Assets.xcassets */ = {isa = PBXFileReference; lastKnownFileType = folder.assetcatalog; path = Assets.xcassets; sourceTree = "<group>"; };
		0746891B26B900D70066D145 /* Base */ = {isa = PBXFileReference; lastKnownFileType = file.storyboard; name = Base; path = Base.lproj/LaunchScreen.storyboard; sourceTree = "<group>"; };
		0746891D26B900D70066D145 /* Info.plist */ = {isa = PBXFileReference; lastKnownFileType = text.plist.xml; path = Info.plist; sourceTree = "<group>"; };
		0746892226B900D80066D145 /* VexillumTests.xctest */ = {isa = PBXFileReference; explicitFileType = wrapper.cfbundle; includeInIndex = 0; path = VexillumTests.xctest; sourceTree = BUILT_PRODUCTS_DIR; };
		0746892626B900D80066D145 /* VexillumTests.swift */ = {isa = PBXFileReference; lastKnownFileType = sourcecode.swift; path = VexillumTests.swift; sourceTree = "<group>"; };
		0746892826B900D80066D145 /* Info.plist */ = {isa = PBXFileReference; lastKnownFileType = text.plist.xml; path = Info.plist; sourceTree = "<group>"; };
		0746892D26B900D80066D145 /* VexillumUITests.xctest */ = {isa = PBXFileReference; explicitFileType = wrapper.cfbundle; includeInIndex = 0; path = VexillumUITests.xctest; sourceTree = BUILT_PRODUCTS_DIR; };
		0746893126B900D80066D145 /* VexillumUITests.swift */ = {isa = PBXFileReference; lastKnownFileType = sourcecode.swift; path = VexillumUITests.swift; sourceTree = "<group>"; };
		0746893326B900D80066D145 /* Info.plist */ = {isa = PBXFileReference; lastKnownFileType = text.plist.xml; path = Info.plist; sourceTree = "<group>"; };
		0746894026B902580066D145 /* Country.swift */ = {isa = PBXFileReference; lastKnownFileType = sourcecode.swift; path = Country.swift; sourceTree = "<group>"; };
		0746894626B906430066D145 /* CountryProvider.swift */ = {isa = PBXFileReference; lastKnownFileType = sourcecode.swift; path = CountryProvider.swift; sourceTree = "<group>"; };
		0746894926B906FB0066D145 /* SplitMix64.swift */ = {isa = PBXFileReference; lastKnownFileType = sourcecode.swift; path = SplitMix64.swift; sourceTree = "<group>"; };
		0746894C26B907F70066D145 /* FlagListViewModel.swift */ = {isa = PBXFileReference; lastKnownFileType = sourcecode.swift; path = FlagListViewModel.swift; sourceTree = "<group>"; };
		0746895226B90A8D0066D145 /* FlagListViewController.swift */ = {isa = PBXFileReference; lastKnownFileType = sourcecode.swift; path = FlagListViewController.swift; sourceTree = "<group>"; };
		0766A74F26BE437C0095A1A9 /* format.json */ = {isa = PBXFileReference; lastKnownFileType = text.json; path = format.json; sourceTree = "<group>"; };
		07A7602826BA4248006437E4 /* CountryViewController.swift */ = {isa = PBXFileReference; lastKnownFileType = sourcecode.swift; path = CountryViewController.swift; sourceTree = "<group>"; };
		07A7602C26BA48E5006437E4 /* ReusableView.swift */ = {isa = PBXFileReference; lastKnownFileType = sourcecode.swift; path = ReusableView.swift; sourceTree = "<group>"; };
		07A7602E26BA49B3006437E4 /* UIView+Extended.swift */ = {isa = PBXFileReference; lastKnownFileType = sourcecode.swift; path = "UIView+Extended.swift"; sourceTree = "<group>"; };
		07A7603026BA4A8C006437E4 /* FlagListTableViewCell.swift */ = {isa = PBXFileReference; lastKnownFileType = sourcecode.swift; path = FlagListTableViewCell.swift; sourceTree = "<group>"; };
/* End PBXFileReference section */

/* Begin PBXFrameworksBuildPhase section */
		0746890926B900D60066D145 /* Frameworks */ = {
			isa = PBXFrameworksBuildPhase;
			buildActionMask = 2147483647;
			files = (
				0746895626B9150D0066D145 /* PreviewView in Frameworks */,
			);
			runOnlyForDeploymentPostprocessing = 0;
		};
		0746891F26B900D80066D145 /* Frameworks */ = {
			isa = PBXFrameworksBuildPhase;
			buildActionMask = 2147483647;
			files = (
			);
			runOnlyForDeploymentPostprocessing = 0;
		};
		0746892A26B900D80066D145 /* Frameworks */ = {
			isa = PBXFrameworksBuildPhase;
			buildActionMask = 2147483647;
			files = (
			);
			runOnlyForDeploymentPostprocessing = 0;
		};
/* End PBXFrameworksBuildPhase section */

/* Begin PBXGroup section */
		0746890326B900D60066D145 = {
			isa = PBXGroup;
			children = (
				0766A74F26BE437C0095A1A9 /* format.json */,
				0746890E26B900D60066D145 /* Vexillum */,
				0746892526B900D80066D145 /* VexillumTests */,
				0746893026B900D80066D145 /* VexillumUITests */,
				0746890D26B900D60066D145 /* Products */,
			);
			sourceTree = "<group>";
		};
		0746890D26B900D60066D145 /* Products */ = {
			isa = PBXGroup;
			children = (
				0746890C26B900D60066D145 /* Vexillum.app */,
				0746892226B900D80066D145 /* VexillumTests.xctest */,
				0746892D26B900D80066D145 /* VexillumUITests.xctest */,
			);
			name = Products;
			sourceTree = "<group>";
		};
		0746890E26B900D60066D145 /* Vexillum */ = {
			isa = PBXGroup;
			children = (
				07A7602B26BA48CF006437E4 /* Utilities */,
				07A7602A26BA48B1006437E4 /* FlagList */,
				0746894F26B90A5B0066D145 /* Views */,
				0746894E26B908030066D145 /* Extensions */,
				0746894826B906E70066D145 /* Common */,
				0746894526B906340066D145 /* Providers */,
				0746893F26B9020B0066D145 /* Models */,
				0746890F26B900D60066D145 /* AppDelegate.swift */,
				0746891126B900D60066D145 /* SceneDelegate.swift */,
				0746891326B900D60066D145 /* ViewController.swift */,
				0746891526B900D60066D145 /* Main.storyboard */,
				0746891826B900D70066D145 /* Assets.xcassets */,
				0746891A26B900D70066D145 /* LaunchScreen.storyboard */,
				0746891D26B900D70066D145 /* Info.plist */,
			);
			path = Vexillum;
			sourceTree = "<group>";
		};
		0746892526B900D80066D145 /* VexillumTests */ = {
			isa = PBXGroup;
			children = (
				0746892626B900D80066D145 /* VexillumTests.swift */,
				0746892826B900D80066D145 /* Info.plist */,
			);
			path = VexillumTests;
			sourceTree = "<group>";
		};
		0746893026B900D80066D145 /* VexillumUITests */ = {
			isa = PBXGroup;
			children = (
				0746893126B900D80066D145 /* VexillumUITests.swift */,
				0746893326B900D80066D145 /* Info.plist */,
			);
			path = VexillumUITests;
			sourceTree = "<group>";
		};
		0746893F26B9020B0066D145 /* Models */ = {
			isa = PBXGroup;
			children = (
				0746894026B902580066D145 /* Country.swift */,
			);
			path = Models;
			sourceTree = "<group>";
		};
		0746894526B906340066D145 /* Providers */ = {
			isa = PBXGroup;
			children = (
				0746894626B906430066D145 /* CountryProvider.swift */,
			);
			path = Providers;
			sourceTree = "<group>";
		};
		0746894826B906E70066D145 /* Common */ = {
			isa = PBXGroup;
			children = (
				0746894926B906FB0066D145 /* SplitMix64.swift */,
			);
			path = Common;
			sourceTree = "<group>";
		};
		0746894E26B908030066D145 /* Extensions */ = {
			isa = PBXGroup;
			children = (
				07A7602E26BA49B3006437E4 /* UIView+Extended.swift */,
			);
			path = Extensions;
			sourceTree = "<group>";
		};
		0746894F26B90A5B0066D145 /* Views */ = {
			isa = PBXGroup;
			children = (
				07A7602826BA4248006437E4 /* CountryViewController.swift */,
			);
			path = Views;
			sourceTree = "<group>";
		};
		07A7602A26BA48B1006437E4 /* FlagList */ = {
			isa = PBXGroup;
			children = (
				0746895226B90A8D0066D145 /* FlagListViewController.swift */,
				0746894C26B907F70066D145 /* FlagListViewModel.swift */,
				07A7603026BA4A8C006437E4 /* FlagListTableViewCell.swift */,
			);
			path = FlagList;
			sourceTree = "<group>";
		};
		07A7602B26BA48CF006437E4 /* Utilities */ = {
			isa = PBXGroup;
			children = (
				07A7602C26BA48E5006437E4 /* ReusableView.swift */,
			);
			path = Utilities;
			sourceTree = "<group>";
		};
/* End PBXGroup section */

/* Begin PBXNativeTarget section */
		0746890B26B900D60066D145 /* Vexillum */ = {
			isa = PBXNativeTarget;
			buildConfigurationList = 0746893626B900D80066D145 /* Build configuration list for PBXNativeTarget "Vexillum" */;
			buildPhases = (
				0746890826B900D60066D145 /* Sources */,
				0746890926B900D60066D145 /* Frameworks */,
				0746890A26B900D60066D145 /* Resources */,
				0766A74B26BE2EC10095A1A9 /* Format */,
				0766A74E26BE42470095A1A9 /* Lint */,
			);
			buildRules = (
			);
			dependencies = (
			);
			name = Vexillum;
			packageProductDependencies = (
				0746895526B9150D0066D145 /* PreviewView */,
			);
			productName = Vexillum;
			productReference = 0746890C26B900D60066D145 /* Vexillum.app */;
			productType = "com.apple.product-type.application";
		};
		0746892126B900D80066D145 /* VexillumTests */ = {
			isa = PBXNativeTarget;
			buildConfigurationList = 0746893926B900D80066D145 /* Build configuration list for PBXNativeTarget "VexillumTests" */;
			buildPhases = (
				0746891E26B900D80066D145 /* Sources */,
				0746891F26B900D80066D145 /* Frameworks */,
				0746892026B900D80066D145 /* Resources */,
			);
			buildRules = (
			);
			dependencies = (
				0746892426B900D80066D145 /* PBXTargetDependency */,
			);
			name = VexillumTests;
			productName = VexillumTests;
			productReference = 0746892226B900D80066D145 /* VexillumTests.xctest */;
			productType = "com.apple.product-type.bundle.unit-test";
		};
		0746892C26B900D80066D145 /* VexillumUITests */ = {
			isa = PBXNativeTarget;
			buildConfigurationList = 0746893C26B900D80066D145 /* Build configuration list for PBXNativeTarget "VexillumUITests" */;
			buildPhases = (
				0746892926B900D80066D145 /* Sources */,
				0746892A26B900D80066D145 /* Frameworks */,
				0746892B26B900D80066D145 /* Resources */,
			);
			buildRules = (
			);
			dependencies = (
				0746892F26B900D80066D145 /* PBXTargetDependency */,
			);
			name = VexillumUITests;
			productName = VexillumUITests;
			productReference = 0746892D26B900D80066D145 /* VexillumUITests.xctest */;
			productType = "com.apple.product-type.bundle.ui-testing";
		};
/* End PBXNativeTarget section */

/* Begin PBXProject section */
		0746890426B900D60066D145 /* Project object */ = {
			isa = PBXProject;
			attributes = {
				LastSwiftUpdateCheck = 1250;
				LastUpgradeCheck = 1250;
				TargetAttributes = {
					0746890B26B900D60066D145 = {
						CreatedOnToolsVersion = 12.5.1;
					};
					0746892126B900D80066D145 = {
						CreatedOnToolsVersion = 12.5.1;
						TestTargetID = 0746890B26B900D60066D145;
					};
					0746892C26B900D80066D145 = {
						CreatedOnToolsVersion = 12.5.1;
						TestTargetID = 0746890B26B900D60066D145;
					};
				};
			};
			buildConfigurationList = 0746890726B900D60066D145 /* Build configuration list for PBXProject "Vexillum" */;
			compatibilityVersion = "Xcode 9.3";
			developmentRegion = en;
			hasScannedForEncodings = 0;
			knownRegions = (
				en,
				Base,
			);
			mainGroup = 0746890326B900D60066D145;
			packageReferences = (
				0746895426B9150D0066D145 /* XCRemoteSwiftPackageReference "PreviewView" */,
			);
			productRefGroup = 0746890D26B900D60066D145 /* Products */;
			projectDirPath = "";
			projectRoot = "";
			targets = (
				0746890B26B900D60066D145 /* Vexillum */,
				0746892126B900D80066D145 /* VexillumTests */,
				0746892C26B900D80066D145 /* VexillumUITests */,
			);
		};
/* End PBXProject section */

/* Begin PBXResourcesBuildPhase section */
		0746890A26B900D60066D145 /* Resources */ = {
			isa = PBXResourcesBuildPhase;
			buildActionMask = 2147483647;
			files = (
				0766A75026BE437C0095A1A9 /* format.json in Resources */,
				0746891C26B900D70066D145 /* LaunchScreen.storyboard in Resources */,
				0746891926B900D70066D145 /* Assets.xcassets in Resources */,
				0746891726B900D60066D145 /* Main.storyboard in Resources */,
			);
			runOnlyForDeploymentPostprocessing = 0;
		};
		0746892026B900D80066D145 /* Resources */ = {
			isa = PBXResourcesBuildPhase;
			buildActionMask = 2147483647;
			files = (
			);
			runOnlyForDeploymentPostprocessing = 0;
		};
		0746892B26B900D80066D145 /* Resources */ = {
			isa = PBXResourcesBuildPhase;
			buildActionMask = 2147483647;
			files = (
			);
			runOnlyForDeploymentPostprocessing = 0;
		};
/* End PBXResourcesBuildPhase section */

/* Begin PBXShellScriptBuildPhase section */
		0766A74B26BE2EC10095A1A9 /* Format */ = {
			isa = PBXShellScriptBuildPhase;
			buildActionMask = 2147483647;
			files = (
			);
			inputFileListPaths = (
			);
			inputPaths = (
			);
			name = Format;
			outputFileListPaths = (
			);
			outputPaths = (
			);
			runOnlyForDeploymentPostprocessing = 0;
			shellPath = /bin/sh;
			shellScript = "if which swift-format >/dev/null; then\n    swift-format -m format --configuration format.json -i -r ${PROJECT_DIR}\nelse\n    echo \"warning: swift-format not installed\"\nfi\n";
		};
		0766A74E26BE42470095A1A9 /* Lint */ = {
			isa = PBXShellScriptBuildPhase;
			buildActionMask = 2147483647;
			files = (
			);
			inputFileListPaths = (
			);
			inputPaths = (
			);
			name = Lint;
			outputFileListPaths = (
			);
			outputPaths = (
			);
			runOnlyForDeploymentPostprocessing = 0;
			shellPath = /bin/sh;
			shellScript = "if which swift-format >/dev/null; then\n    swift-format -m lint --configuration format.json -r ${PROJECT_DIR}\n    exit 0\nelse\n    echo \"warning: swift-format not installed\"\nfi\n";
		};
/* End PBXShellScriptBuildPhase section */

/* Begin PBXSourcesBuildPhase section */
		0746890826B900D60066D145 /* Sources */ = {
			isa = PBXSourcesBuildPhase;
			buildActionMask = 2147483647;
			files = (
				07A7602926BA4248006437E4 /* CountryViewController.swift in Sources */,
				07A7602D26BA48E5006437E4 /* ReusableView.swift in Sources */,
				0746894126B902580066D145 /* Country.swift in Sources */,
				07A7603126BA4A8C006437E4 /* FlagListTableViewCell.swift in Sources */,
				0746894726B906430066D145 /* CountryProvider.swift in Sources */,
				0746894D26B907F70066D145 /* FlagListViewModel.swift in Sources */,
				0746891426B900D60066D145 /* ViewController.swift in Sources */,
				0746894A26B906FB0066D145 /* SplitMix64.swift in Sources */,
				0746891026B900D60066D145 /* AppDelegate.swift in Sources */,
				07A7602F26BA49B3006437E4 /* UIView+Extended.swift in Sources */,
				0746895326B90A8D0066D145 /* FlagListViewController.swift in Sources */,
				0746891226B900D60066D145 /* SceneDelegate.swift in Sources */,
			);
			runOnlyForDeploymentPostprocessing = 0;
		};
		0746891E26B900D80066D145 /* Sources */ = {
			isa = PBXSourcesBuildPhase;
			buildActionMask = 2147483647;
			files = (
				0746892726B900D80066D145 /* VexillumTests.swift in Sources */,
			);
			runOnlyForDeploymentPostprocessing = 0;
		};
		0746892926B900D80066D145 /* Sources */ = {
			isa = PBXSourcesBuildPhase;
			buildActionMask = 2147483647;
			files = (
				0746893226B900D80066D145 /* VexillumUITests.swift in Sources */,
			);
			runOnlyForDeploymentPostprocessing = 0;
		};
/* End PBXSourcesBuildPhase section */

/* Begin PBXTargetDependency section */
		0746892426B900D80066D145 /* PBXTargetDependency */ = {
			isa = PBXTargetDependency;
			target = 0746890B26B900D60066D145 /* Vexillum */;
			targetProxy = 0746892326B900D80066D145 /* PBXContainerItemProxy */;
		};
		0746892F26B900D80066D145 /* PBXTargetDependency */ = {
			isa = PBXTargetDependency;
			target = 0746890B26B900D60066D145 /* Vexillum */;
			targetProxy = 0746892E26B900D80066D145 /* PBXContainerItemProxy */;
		};
/* End PBXTargetDependency section */

/* Begin PBXVariantGroup section */
		0746891526B900D60066D145 /* Main.storyboard */ = {
			isa = PBXVariantGroup;
			children = (
				0746891626B900D60066D145 /* Base */,
			);
			name = Main.storyboard;
			sourceTree = "<group>";
		};
		0746891A26B900D70066D145 /* LaunchScreen.storyboard */ = {
			isa = PBXVariantGroup;
			children = (
				0746891B26B900D70066D145 /* Base */,
			);
			name = LaunchScreen.storyboard;
			sourceTree = "<group>";
		};
/* End PBXVariantGroup section */

/* Begin XCBuildConfiguration section */
		0746893426B900D80066D145 /* Debug */ = {
			isa = XCBuildConfiguration;
			buildSettings = {
				ALWAYS_SEARCH_USER_PATHS = NO;
				CLANG_ANALYZER_NONNULL = YES;
				CLANG_ANALYZER_NUMBER_OBJECT_CONVERSION = YES_AGGRESSIVE;
				CLANG_CXX_LANGUAGE_STANDARD = "gnu++14";
				CLANG_CXX_LIBRARY = "libc++";
				CLANG_ENABLE_MODULES = YES;
				CLANG_ENABLE_OBJC_ARC = YES;
				CLANG_ENABLE_OBJC_WEAK = YES;
				CLANG_WARN_BLOCK_CAPTURE_AUTORELEASING = YES;
				CLANG_WARN_BOOL_CONVERSION = YES;
				CLANG_WARN_COMMA = YES;
				CLANG_WARN_CONSTANT_CONVERSION = YES;
				CLANG_WARN_DEPRECATED_OBJC_IMPLEMENTATIONS = YES;
				CLANG_WARN_DIRECT_OBJC_ISA_USAGE = YES_ERROR;
				CLANG_WARN_DOCUMENTATION_COMMENTS = YES;
				CLANG_WARN_EMPTY_BODY = YES;
				CLANG_WARN_ENUM_CONVERSION = YES;
				CLANG_WARN_INFINITE_RECURSION = YES;
				CLANG_WARN_INT_CONVERSION = YES;
				CLANG_WARN_NON_LITERAL_NULL_CONVERSION = YES;
				CLANG_WARN_OBJC_IMPLICIT_RETAIN_SELF = YES;
				CLANG_WARN_OBJC_LITERAL_CONVERSION = YES;
				CLANG_WARN_OBJC_ROOT_CLASS = YES_ERROR;
				CLANG_WARN_QUOTED_INCLUDE_IN_FRAMEWORK_HEADER = YES;
				CLANG_WARN_RANGE_LOOP_ANALYSIS = YES;
				CLANG_WARN_STRICT_PROTOTYPES = YES;
				CLANG_WARN_SUSPICIOUS_MOVE = YES;
				CLANG_WARN_UNGUARDED_AVAILABILITY = YES_AGGRESSIVE;
				CLANG_WARN_UNREACHABLE_CODE = YES;
				CLANG_WARN__DUPLICATE_METHOD_MATCH = YES;
				COPY_PHASE_STRIP = NO;
				DEBUG_INFORMATION_FORMAT = dwarf;
				ENABLE_STRICT_OBJC_MSGSEND = YES;
				ENABLE_TESTABILITY = YES;
				GCC_C_LANGUAGE_STANDARD = gnu11;
				GCC_DYNAMIC_NO_PIC = NO;
				GCC_NO_COMMON_BLOCKS = YES;
				GCC_OPTIMIZATION_LEVEL = 0;
				GCC_PREPROCESSOR_DEFINITIONS = (
					"DEBUG=1",
					"$(inherited)",
				);
				GCC_WARN_64_TO_32_BIT_CONVERSION = YES;
				GCC_WARN_ABOUT_RETURN_TYPE = YES_ERROR;
				GCC_WARN_UNDECLARED_SELECTOR = YES;
				GCC_WARN_UNINITIALIZED_AUTOS = YES_AGGRESSIVE;
				GCC_WARN_UNUSED_FUNCTION = YES;
				GCC_WARN_UNUSED_VARIABLE = YES;
				IPHONEOS_DEPLOYMENT_TARGET = 14.5;
				MTL_ENABLE_DEBUG_INFO = INCLUDE_SOURCE;
				MTL_FAST_MATH = YES;
				ONLY_ACTIVE_ARCH = YES;
				SDKROOT = iphoneos;
				SWIFT_ACTIVE_COMPILATION_CONDITIONS = DEBUG;
				SWIFT_OPTIMIZATION_LEVEL = "-Onone";
			};
			name = Debug;
		};
		0746893526B900D80066D145 /* Release */ = {
			isa = XCBuildConfiguration;
			buildSettings = {
				ALWAYS_SEARCH_USER_PATHS = NO;
				CLANG_ANALYZER_NONNULL = YES;
				CLANG_ANALYZER_NUMBER_OBJECT_CONVERSION = YES_AGGRESSIVE;
				CLANG_CXX_LANGUAGE_STANDARD = "gnu++14";
				CLANG_CXX_LIBRARY = "libc++";
				CLANG_ENABLE_MODULES = YES;
				CLANG_ENABLE_OBJC_ARC = YES;
				CLANG_ENABLE_OBJC_WEAK = YES;
				CLANG_WARN_BLOCK_CAPTURE_AUTORELEASING = YES;
				CLANG_WARN_BOOL_CONVERSION = YES;
				CLANG_WARN_COMMA = YES;
				CLANG_WARN_CONSTANT_CONVERSION = YES;
				CLANG_WARN_DEPRECATED_OBJC_IMPLEMENTATIONS = YES;
				CLANG_WARN_DIRECT_OBJC_ISA_USAGE = YES_ERROR;
				CLANG_WARN_DOCUMENTATION_COMMENTS = YES;
				CLANG_WARN_EMPTY_BODY = YES;
				CLANG_WARN_ENUM_CONVERSION = YES;
				CLANG_WARN_INFINITE_RECURSION = YES;
				CLANG_WARN_INT_CONVERSION = YES;
				CLANG_WARN_NON_LITERAL_NULL_CONVERSION = YES;
				CLANG_WARN_OBJC_IMPLICIT_RETAIN_SELF = YES;
				CLANG_WARN_OBJC_LITERAL_CONVERSION = YES;
				CLANG_WARN_OBJC_ROOT_CLASS = YES_ERROR;
				CLANG_WARN_QUOTED_INCLUDE_IN_FRAMEWORK_HEADER = YES;
				CLANG_WARN_RANGE_LOOP_ANALYSIS = YES;
				CLANG_WARN_STRICT_PROTOTYPES = YES;
				CLANG_WARN_SUSPICIOUS_MOVE = YES;
				CLANG_WARN_UNGUARDED_AVAILABILITY = YES_AGGRESSIVE;
				CLANG_WARN_UNREACHABLE_CODE = YES;
				CLANG_WARN__DUPLICATE_METHOD_MATCH = YES;
				COPY_PHASE_STRIP = NO;
				DEBUG_INFORMATION_FORMAT = "dwarf-with-dsym";
				ENABLE_NS_ASSERTIONS = NO;
				ENABLE_STRICT_OBJC_MSGSEND = YES;
				GCC_C_LANGUAGE_STANDARD = gnu11;
				GCC_NO_COMMON_BLOCKS = YES;
				GCC_WARN_64_TO_32_BIT_CONVERSION = YES;
				GCC_WARN_ABOUT_RETURN_TYPE = YES_ERROR;
				GCC_WARN_UNDECLARED_SELECTOR = YES;
				GCC_WARN_UNINITIALIZED_AUTOS = YES_AGGRESSIVE;
				GCC_WARN_UNUSED_FUNCTION = YES;
				GCC_WARN_UNUSED_VARIABLE = YES;
				IPHONEOS_DEPLOYMENT_TARGET = 14.5;
				MTL_ENABLE_DEBUG_INFO = NO;
				MTL_FAST_MATH = YES;
				SDKROOT = iphoneos;
				SWIFT_COMPILATION_MODE = wholemodule;
				SWIFT_OPTIMIZATION_LEVEL = "-O";
				VALIDATE_PRODUCT = YES;
			};
			name = Release;
		};
		0746893726B900D80066D145 /* Debug */ = {
			isa = XCBuildConfiguration;
			buildSettings = {
				ASSETCATALOG_COMPILER_APPICON_NAME = AppIcon;
				ASSETCATALOG_COMPILER_GLOBAL_ACCENT_COLOR_NAME = AccentColor;
				CODE_SIGN_STYLE = Automatic;
				DEVELOPMENT_TEAM = DS63W44KSD;
				INFOPLIST_FILE = Vexillum/Info.plist;
				IPHONEOS_DEPLOYMENT_TARGET = 13.0;
				LD_RUNPATH_SEARCH_PATHS = (
					"$(inherited)",
					"@executable_path/Frameworks",
				);
				PRODUCT_BUNDLE_IDENTIFIER = com.richardrobinson.Vexillum;
				PRODUCT_NAME = "$(TARGET_NAME)";
				SWIFT_VERSION = 5.0;
				TARGETED_DEVICE_FAMILY = "1,2";
			};
			name = Debug;
		};
		0746893826B900D80066D145 /* Release */ = {
			isa = XCBuildConfiguration;
			buildSettings = {
				ASSETCATALOG_COMPILER_APPICON_NAME = AppIcon;
				ASSETCATALOG_COMPILER_GLOBAL_ACCENT_COLOR_NAME = AccentColor;
				CODE_SIGN_STYLE = Automatic;
				DEVELOPMENT_TEAM = DS63W44KSD;
				INFOPLIST_FILE = Vexillum/Info.plist;
				IPHONEOS_DEPLOYMENT_TARGET = 13.0;
				LD_RUNPATH_SEARCH_PATHS = (
					"$(inherited)",
					"@executable_path/Frameworks",
				);
				PRODUCT_BUNDLE_IDENTIFIER = com.richardrobinson.Vexillum;
				PRODUCT_NAME = "$(TARGET_NAME)";
				SWIFT_VERSION = 5.0;
				TARGETED_DEVICE_FAMILY = "1,2";
			};
			name = Release;
		};
		0746893A26B900D80066D145 /* Debug */ = {
			isa = XCBuildConfiguration;
			buildSettings = {
				ALWAYS_EMBED_SWIFT_STANDARD_LIBRARIES = YES;
				BUNDLE_LOADER = "$(TEST_HOST)";
				CODE_SIGN_STYLE = Automatic;
				DEVELOPMENT_TEAM = DS63W44KSD;
				INFOPLIST_FILE = VexillumTests/Info.plist;
				IPHONEOS_DEPLOYMENT_TARGET = 14.5;
				LD_RUNPATH_SEARCH_PATHS = (
					"$(inherited)",
					"@executable_path/Frameworks",
					"@loader_path/Frameworks",
				);
				PRODUCT_BUNDLE_IDENTIFIER = com.richardrobinson.VexillumTests;
				PRODUCT_NAME = "$(TARGET_NAME)";
				SWIFT_VERSION = 5.0;
				TARGETED_DEVICE_FAMILY = "1,2";
				TEST_HOST = "$(BUILT_PRODUCTS_DIR)/Vexillum.app/Vexillum";
			};
			name = Debug;
		};
		0746893B26B900D80066D145 /* Release */ = {
			isa = XCBuildConfiguration;
			buildSettings = {
				ALWAYS_EMBED_SWIFT_STANDARD_LIBRARIES = YES;
				BUNDLE_LOADER = "$(TEST_HOST)";
				CODE_SIGN_STYLE = Automatic;
				DEVELOPMENT_TEAM = DS63W44KSD;
				INFOPLIST_FILE = VexillumTests/Info.plist;
				IPHONEOS_DEPLOYMENT_TARGET = 14.5;
				LD_RUNPATH_SEARCH_PATHS = (
					"$(inherited)",
					"@executable_path/Frameworks",
					"@loader_path/Frameworks",
				);
				PRODUCT_BUNDLE_IDENTIFIER = com.richardrobinson.VexillumTests;
				PRODUCT_NAME = "$(TARGET_NAME)";
				SWIFT_VERSION = 5.0;
				TARGETED_DEVICE_FAMILY = "1,2";
				TEST_HOST = "$(BUILT_PRODUCTS_DIR)/Vexillum.app/Vexillum";
			};
			name = Release;
		};
		0746893D26B900D80066D145 /* Debug */ = {
			isa = XCBuildConfiguration;
			buildSettings = {
				ALWAYS_EMBED_SWIFT_STANDARD_LIBRARIES = YES;
				CODE_SIGN_STYLE = Automatic;
				DEVELOPMENT_TEAM = DS63W44KSD;
				INFOPLIST_FILE = VexillumUITests/Info.plist;
				LD_RUNPATH_SEARCH_PATHS = (
					"$(inherited)",
					"@executable_path/Frameworks",
					"@loader_path/Frameworks",
				);
				PRODUCT_BUNDLE_IDENTIFIER = com.richardrobinson.VexillumUITests;
				PRODUCT_NAME = "$(TARGET_NAME)";
				SWIFT_VERSION = 5.0;
				TARGETED_DEVICE_FAMILY = "1,2";
				TEST_TARGET_NAME = Vexillum;
			};
			name = Debug;
		};
		0746893E26B900D80066D145 /* Release */ = {
			isa = XCBuildConfiguration;
			buildSettings = {
				ALWAYS_EMBED_SWIFT_STANDARD_LIBRARIES = YES;
				CODE_SIGN_STYLE = Automatic;
				DEVELOPMENT_TEAM = DS63W44KSD;
				INFOPLIST_FILE = VexillumUITests/Info.plist;
				LD_RUNPATH_SEARCH_PATHS = (
					"$(inherited)",
					"@executable_path/Frameworks",
					"@loader_path/Frameworks",
				);
				PRODUCT_BUNDLE_IDENTIFIER = com.richardrobinson.VexillumUITests;
				PRODUCT_NAME = "$(TARGET_NAME)";
				SWIFT_VERSION = 5.0;
				TARGETED_DEVICE_FAMILY = "1,2";
				TEST_TARGET_NAME = Vexillum;
			};
			name = Release;
		};
/* End XCBuildConfiguration section */

/* Begin XCConfigurationList section */
		0746890726B900D60066D145 /* Build configuration list for PBXProject "Vexillum" */ = {
			isa = XCConfigurationList;
			buildConfigurations = (
				0746893426B900D80066D145 /* Debug */,
				0746893526B900D80066D145 /* Release */,
			);
			defaultConfigurationIsVisible = 0;
			defaultConfigurationName = Release;
		};
		0746893626B900D80066D145 /* Build configuration list for PBXNativeTarget "Vexillum" */ = {
			isa = XCConfigurationList;
			buildConfigurations = (
				0746893726B900D80066D145 /* Debug */,
				0746893826B900D80066D145 /* Release */,
			);
			defaultConfigurationIsVisible = 0;
			defaultConfigurationName = Release;
		};
		0746893926B900D80066D145 /* Build configuration list for PBXNativeTarget "VexillumTests" */ = {
			isa = XCConfigurationList;
			buildConfigurations = (
				0746893A26B900D80066D145 /* Debug */,
				0746893B26B900D80066D145 /* Release */,
			);
			defaultConfigurationIsVisible = 0;
			defaultConfigurationName = Release;
		};
		0746893C26B900D80066D145 /* Build configuration list for PBXNativeTarget "VexillumUITests" */ = {
			isa = XCConfigurationList;
			buildConfigurations = (
				0746893D26B900D80066D145 /* Debug */,
				0746893E26B900D80066D145 /* Release */,
			);
			defaultConfigurationIsVisible = 0;
			defaultConfigurationName = Release;
		};
/* End XCConfigurationList section */

/* Begin XCRemoteSwiftPackageReference section */
		0746895426B9150D0066D145 /* XCRemoteSwiftPackageReference "PreviewView" */ = {
			isa = XCRemoteSwiftPackageReference;
			repositoryURL = "https://github.com/theoriginalbit/PreviewView";
			requirement = {
				kind = upToNextMajorVersion;
				minimumVersion = 2.0.0;
			};
		};
/* End XCRemoteSwiftPackageReference section */

/* Begin XCSwiftPackageProductDependency section */
		0746895526B9150D0066D145 /* PreviewView */ = {
			isa = XCSwiftPackageProductDependency;
			package = 0746895426B9150D0066D145 /* XCRemoteSwiftPackageReference "PreviewView" */;
			productName = PreviewView;
		};
/* End XCSwiftPackageProductDependency section */
	};
	rootObject = 0746890426B900D60066D145 /* Project object */;
}
